# This file is automatically @generated by Cargo.
# It is not intended for manual editing.
version = 4

[[package]]
name = "RustySolutions"
version = "0.1.0"

[[package]]
name = "solution_1_1_1"
version = "0.1.0"

[[package]]
name = "solution_1_1_2"
version = "0.1.0"

[[package]]
name = "solution_1_1_3"
version = "0.1.0"

[[package]]
name = "solution_1_1_4"
version = "0.1.0"

[[package]]
name = "solution_1_1_5"
version = "0.1.0"

[[package]]
name = "solution_1_1_6"
version = "0.1.0"

[[package]]
name = "solution_1_1_7"
version = "0.1.0"

[[package]]
name = "solution_1_2_1"
version = "0.1.0"

[[package]]
name = "solution_1_2_2"
version = "0.1.0"

[[package]]
name = "solution_1_2_3"
version = "0.1.0"

[[package]]
name = "solution_1_2_4"
version = "0.1.0"

[[package]]
name = "solution_1_2_5"
version = "0.1.0"
